
Microsoft Visual Studio Solution File, Format Version 12.00
# Visual Studio Version 17
VisualStudioVersion = 17.8.34511.84
MinimumVisualStudioVersion = 10.0.40219.1
Project("{9A19103F-16F7-4668-BE54-9A1E7A4F7556}") = "Application", "Application\Application.csproj", "{C682EF50-7587-451D-B60F-F3D806011C50}"
EndProject
Project("{9A19103F-16F7-4668-BE54-9A1E7A4F7556}") = "Domain", "Domain\Domain.csproj", "{3990B763-FF42-4014-A7C6-8E29CF4EF241}"
EndProject
Project("{9A19103F-16F7-4668-BE54-9A1E7A4F7556}") = "Infrastructure", "Infrastructure\Infrastructure.csproj", "{63A7899A-6318-4258-A6BB-04CE2B4E9092}"
EndProject
Project("{9A19103F-16F7-4668-BE54-9A1E7A4F7556}") = "Service", "Service\Service.csproj", "{FE379803-91BC-4EA5-8B4A-7EA3D35643B4}"
EndProject
Project("{9A19103F-16F7-4668-BE54-9A1E7A4F7556}") = "InterfaceGui", "InterfaceGui\InterfaceGui.csproj", "{3EC94238-EDEE-49F5-A66E-D6EBEF73044E}"
EndProject
Project("{9A19103F-16F7-4668-BE54-9A1E7A4F7556}") = "InterfaceWPF", "InterfaceWPF\InterfaceWPF.csproj", "{68052E65-E573-4159-88BC-3B0F732CC033}"
EndProject
Project("{FAE04EC0-301F-11D3-BF4B-00C04F79EFBC}") = "ApplicationTests", "..\ApplicationTests\ApplicationTests\ApplicationTests.csproj", "{278D99D3-DBB0-4E00-95B0-8A72DC648B4A}"
EndProject
Global
	GlobalSection(SolutionConfigurationPlatforms) = preSolution
		Debug|Any CPU = Debug|Any CPU
		Release|Any CPU = Release|Any CPU
	EndGlobalSection
	GlobalSection(ProjectConfigurationPlatforms) = postSolution
		{C682EF50-7587-451D-B60F-F3D806011C50}.Debug|Any CPU.ActiveCfg = Debug|Any CPU
		{C682EF50-7587-451D-B60F-F3D806011C50}.Debug|Any CPU.Build.0 = Debug|Any CPU
		{C682EF50-7587-451D-B60F-F3D806011C50}.Release|Any CPU.ActiveCfg = Release|Any CPU
		{C682EF50-7587-451D-B60F-F3D806011C50}.Release|Any CPU.Build.0 = Release|Any CPU
		{3990B763-FF42-4014-A7C6-8E29CF4EF241}.Debug|Any CPU.ActiveCfg = Debug|Any CPU
		{3990B763-FF42-4014-A7C6-8E29CF4EF241}.Debug|Any CPU.Build.0 = Debug|Any CPU
		{3990B763-FF42-4014-A7C6-8E29CF4EF241}.Release|Any CPU.ActiveCfg = Release|Any CPU
		{3990B763-FF42-4014-A7C6-8E29CF4EF241}.Release|Any CPU.Build.0 = Release|Any CPU
		{63A7899A-6318-4258-A6BB-04CE2B4E9092}.Debug|Any CPU.ActiveCfg = Debug|Any CPU
		{63A7899A-6318-4258-A6BB-04CE2B4E9092}.Debug|Any CPU.Build.0 = Debug|Any CPU
		{63A7899A-6318-4258-A6BB-04CE2B4E9092}.Release|Any CPU.ActiveCfg = Release|Any CPU
		{63A7899A-6318-4258-A6BB-04CE2B4E9092}.Release|Any CPU.Build.0 = Release|Any CPU
		{FE379803-91BC-4EA5-8B4A-7EA3D35643B4}.Debug|Any CPU.ActiveCfg = Debug|Any CPU
		{FE379803-91BC-4EA5-8B4A-7EA3D35643B4}.Debug|Any CPU.Build.0 = Debug|Any CPU
		{FE379803-91BC-4EA5-8B4A-7EA3D35643B4}.Release|Any CPU.ActiveCfg = Release|Any CPU
		{FE379803-91BC-4EA5-8B4A-7EA3D35643B4}.Release|Any CPU.Build.0 = Release|Any CPU
		{3EC94238-EDEE-49F5-A66E-D6EBEF73044E}.Debug|Any CPU.ActiveCfg = Debug|Any CPU
		{3EC94238-EDEE-49F5-A66E-D6EBEF73044E}.Debug|Any CPU.Build.0 = Debug|Any CPU
		{3EC94238-EDEE-49F5-A66E-D6EBEF73044E}.Release|Any CPU.ActiveCfg = Release|Any CPU
		{3EC94238-EDEE-49F5-A66E-D6EBEF73044E}.Release|Any CPU.Build.0 = Release|Any CPU
		{68052E65-E573-4159-88BC-3B0F732CC033}.Debug|Any CPU.ActiveCfg = Debug|Any CPU
		{68052E65-E573-4159-88BC-3B0F732CC033}.Debug|Any CPU.Build.0 = Debug|Any CPU
		{68052E65-E573-4159-88BC-3B0F732CC033}.Release|Any CPU.ActiveCfg = Release|Any CPU
		{68052E65-E573-4159-88BC-3B0F732CC033}.Release|Any CPU.Build.0 = Release|Any CPU
		{278D99D3-DBB0-4E00-95B0-8A72DC648B4A}.Debug|Any CPU.ActiveCfg = Debug|Any CPU
		{278D99D3-DBB0-4E00-95B0-8A72DC648B4A}.Debug|Any CPU.Build.0 = Debug|Any CPU
		{278D99D3-DBB0-4E00-95B0-8A72DC648B4A}.Release|Any CPU.ActiveCfg = Release|Any CPU
		{278D99D3-DBB0-4E00-95B0-8A72DC648B4A}.Release|Any CPU.Build.0 = Release|Any CPU
	EndGlobalSection
	GlobalSection(SolutionProperties) = preSolution
		HideSolutionNode = FALSE
	EndGlobalSection
	GlobalSection(ExtensibilityGlobals) = postSolution
		SolutionGuid = {F9A2FD5D-BCF6-4F3B-8F64-1B02FD975BE2}
	EndGlobalSection
EndGlobal
